# This file is automatically @generated by Cargo.
# It is not intended for manual editing.
version = 4

[[package]]
name = "commandext"
version = "0.1.0"
source = "registry+https://github.com/rust-lang/crates.io-index"
checksum = "931dd7114e3495c5d7346fd85cdb212c219f4ba2e307458df223b1e1e967e306"

[[package]]
name = "either"
version = "1.15.0"
source = "registry+https://github.com/rust-lang/crates.io-index"
checksum = "48c757948c5ede0e46177b7add2e67155f70e33c07fea8284df6576da70b3719"

[[package]]
name = "itertools"
version = "0.14.0"
source = "registry+https://github.com/rust-lang/crates.io-index"
checksum = "2b192c782037fadd9cfa75548310488aabdbf3d2da73885b31bd0abd03351285"
dependencies = [
 "either",
]

[[package]]
name = "scarlet-hex"
version = "0.1.0"
dependencies = [
 "itertools",
 "utils",
]

[[package]]
name = "utils"
version = "0.0.3"
source = "registry+https://github.com/rust-lang/crates.io-index"
checksum = "7d3342045b8ce979cde9bf4d920434b5113ec753ec0215c1ebe2edebb368651a"
dependencies = [
 "commandext",
]
